
Microsoft Visual Studio Solution File, Format Version 12.00
# Visual Studio Version 16
VisualStudioVersion = 16.0.810.19
MinimumVisualStudioVersion = 10.0.40219.1
Project("{FAE04EC0-301F-11D3-BF4B-00C04F79EFBC}") = "DeribitFutureSubscriber", "DeribitFutureSubscriber\DeribitFutureSubscriber.csproj", "{AB351153-FA55-4AEC-80B5-A3CB1850DA1B}"
EndProject
Global
	GlobalSection(SolutionConfigurationPlatforms) = preSolution
		Debug|Any CPU = Debug|Any CPU
		Release|Any CPU = Release|Any CPU
	EndGlobalSection
	GlobalSection(ProjectConfigurationPlatforms) = postSolution
		{AB351153-FA55-4AEC-80B5-A3CB1850DA1B}.Debug|Any CPU.ActiveCfg = Debug|Any CPU
		{AB351153-FA55-4AEC-80B5-A3CB1850DA1B}.Debug|Any CPU.Build.0 = Debug|Any CPU
		{AB351153-FA55-4AEC-80B5-A3CB1850DA1B}.Release|Any CPU.ActiveCfg = Release|Any CPU
		{AB351153-FA55-4AEC-80B5-A3CB1850DA1B}.Release|Any CPU.Build.0 = Release|Any CPU
	EndGlobalSection
	GlobalSection(SolutionProperties) = preSolution
		HideSolutionNode = FALSE
	EndGlobalSection
	GlobalSection(ExtensibilityGlobals) = postSolution
		SolutionGuid = {81E8A021-CE4F-4553-A821-9B84F3E15776}
	EndGlobalSection
EndGlobal
